// !$*UTF8*$!
{
	archiveVersion = 1;
	classes = {
	};
	objectVersion = 46;
	objects = {

/* Begin PBXBuildFile section */
		5F5E0E481C27582000900483 /* main.cpp in Sources */ = {isa = PBXBuildFile; fileRef = 5F5E0E471C27582000900483 /* main.cpp */; };
		5F5E0E551C27597B00900483 /* main.cpp in Sources */ = {isa = PBXBuildFile; fileRef = 5F5E0E541C27597B00900483 /* main.cpp */; };
		5FBD9ACF1C277D7A001ACDB4 /* karger_min_cut.cpp in Sources */ = {isa = PBXBuildFile; fileRef = 5FBD9ACD1C277D7A001ACDB4 /* karger_min_cut.cpp */; };
/* End PBXBuildFile section */

/* Begin PBXCopyFilesBuildPhase section */
		5F5E0E421C27582000900483 /* CopyFiles */ = {
			isa = PBXCopyFilesBuildPhase;
			buildActionMask = 2147483647;
			dstPath = /usr/share/man/man1/;
			dstSubfolderSpec = 0;
			files = (
			);
			runOnlyForDeploymentPostprocessing = 1;
		};
		5F5E0E501C27597B00900483 /* CopyFiles */ = {
			isa = PBXCopyFilesBuildPhase;
			buildActionMask = 2147483647;
			dstPath = /usr/share/man/man1/;
			dstSubfolderSpec = 0;
			files = (
			);
			runOnlyForDeploymentPostprocessing = 1;
		};
/* End PBXCopyFilesBuildPhase section */

/* Begin PBXFileReference section */
		5F5E0E441C27582000900483 /* coursera_algorithm_week3 */ = {isa = PBXFileReference; explicitFileType = "compiled.mach-o.executable"; includeInIndex = 0; path = coursera_algorithm_week3; sourceTree = BUILT_PRODUCTS_DIR; };
		5F5E0E471C27582000900483 /* main.cpp */ = {isa = PBXFileReference; lastKnownFileType = sourcecode.cpp.cpp; path = main.cpp; sourceTree = "<group>"; };
		5F5E0E521C27597B00900483 /* test_project */ = {isa = PBXFileReference; explicitFileType = "compiled.mach-o.executable"; includeInIndex = 0; path = test_project; sourceTree = BUILT_PRODUCTS_DIR; };
		5F5E0E541C27597B00900483 /* main.cpp */ = {isa = PBXFileReference; lastKnownFileType = sourcecode.cpp.cpp; path = main.cpp; sourceTree = "<group>"; };
		5F5E0E591C275A1A00900483 /* catch.hpp */ = {isa = PBXFileReference; fileEncoding = 4; lastKnownFileType = sourcecode.cpp.h; path = catch.hpp; sourceTree = "<group>"; };
		5F5E0E5A1C275BDD00900483 /* test1.txt */ = {isa = PBXFileReference; fileEncoding = 4; lastKnownFileType = text; path = test1.txt; sourceTree = "<group>"; };
		5FBD9ACC1C277CD5001ACDB4 /* kargerMinCut.txt */ = {isa = PBXFileReference; lastKnownFileType = text; path = kargerMinCut.txt; sourceTree = "<group>"; };
		5FBD9ACD1C277D7A001ACDB4 /* karger_min_cut.cpp */ = {isa = PBXFileReference; fileEncoding = 4; lastKnownFileType = sourcecode.cpp.cpp; path = karger_min_cut.cpp; sourceTree = "<group>"; };
		5FBD9ACE1C277D7A001ACDB4 /* karger_min_cut.h */ = {isa = PBXFileReference; fileEncoding = 4; lastKnownFileType = sourcecode.c.h; path = karger_min_cut.h; sourceTree = "<group>"; };
/* End PBXFileReference section */

/* Begin PBXFrameworksBuildPhase section */
		5F5E0E411C27582000900483 /* Frameworks */ = {
			isa = PBXFrameworksBuildPhase;
			buildActionMask = 2147483647;
			files = (
			);
			runOnlyForDeploymentPostprocessing = 0;
		};
		5F5E0E4F1C27597B00900483 /* Frameworks */ = {
			isa = PBXFrameworksBuildPhase;
			buildActionMask = 2147483647;
			files = (
			);
			runOnlyForDeploymentPostprocessing = 0;
		};
/* End PBXFrameworksBuildPhase section */

/* Begin PBXGroup section */
		5F5E0E3B1C27582000900483 = {
			isa = PBXGroup;
			children = (
				5F5E0E461C27582000900483 /* coursera_algorithm_week3 */,
				5F5E0E531C27597B00900483 /* test_project */,
				5F5E0E451C27582000900483 /* Products */,
			);
			sourceTree = "<group>";
		};
		5F5E0E451C27582000900483 /* Products */ = {
			isa = PBXGroup;
			children = (
				5F5E0E441C27582000900483 /* coursera_algorithm_week3 */,
				5F5E0E521C27597B00900483 /* test_project */,
			);
			name = Products;
			sourceTree = "<group>";
		};
		5F5E0E461C27582000900483 /* coursera_algorithm_week3 */ = {
			isa = PBXGroup;
			children = (
				5F5E0E471C27582000900483 /* main.cpp */,
				5FBD9ACD1C277D7A001ACDB4 /* karger_min_cut.cpp */,
				5FBD9ACE1C277D7A001ACDB4 /* karger_min_cut.h */,
			);
			path = coursera_algorithm_week3;
			sourceTree = "<group>";
		};
		5F5E0E531C27597B00900483 /* test_project */ = {
			isa = PBXGroup;
			children = (
				5FBD9ACC1C277CD5001ACDB4 /* kargerMinCut.txt */,
				5F5E0E591C275A1A00900483 /* catch.hpp */,
				5F5E0E541C27597B00900483 /* main.cpp */,
				5F5E0E5A1C275BDD00900483 /* test1.txt */,
			);
			path = test_project;
			sourceTree = "<group>";
		};
/* End PBXGroup section */

/* Begin PBXNativeTarget section */
		5F5E0E431C27582000900483 /* coursera_algorithm_week3 */ = {
			isa = PBXNativeTarget;
			buildConfigurationList = 5F5E0E4B1C27582000900483 /* Build configuration list for PBXNativeTarget "coursera_algorithm_week3" */;
			buildPhases = (
				5F5E0E401C27582000900483 /* Sources */,
				5F5E0E411C27582000900483 /* Frameworks */,
				5F5E0E421C27582000900483 /* CopyFiles */,
			);
			buildRules = (
			);
			dependencies = (
			);
			name = coursera_algorithm_week3;
			productName = coursera_algorithm_week3;
			productReference = 5F5E0E441C27582000900483 /* coursera_algorithm_week3 */;
			productType = "com.apple.product-type.tool";
		};
		5F5E0E511C27597B00900483 /* test_project */ = {
			isa = PBXNativeTarget;
			buildConfigurationList = 5F5E0E561C27597B00900483 /* Build configuration list for PBXNativeTarget "test_project" */;
			buildPhases = (
				5F5E0E4E1C27597B00900483 /* Sources */,
				5F5E0E4F1C27597B00900483 /* Frameworks */,
				5F5E0E501C27597B00900483 /* CopyFiles */,
			);
			buildRules = (
			);
			dependencies = (
			);
			name = test_project;
			productName = test_project;
			productReference = 5F5E0E521C27597B00900483 /* test_project */;
			productType = "com.apple.product-type.tool";
		};
/* End PBXNativeTarget section */

/* Begin PBXProject section */
		5F5E0E3C1C27582000900483 /* Project object */ = {
			isa = PBXProject;
			attributes = {
				LastUpgradeCheck = 0720;
				ORGANIZATIONNAME = "安田洋介";
				TargetAttributes = {
					5F5E0E431C27582000900483 = {
						CreatedOnToolsVersion = 7.2;
					};
					5F5E0E511C27597B00900483 = {
						CreatedOnToolsVersion = 7.2;
					};
				};
			};
			buildConfigurationList = 5F5E0E3F1C27582000900483 /* Build configuration list for PBXProject "coursera_algorithm_week3" */;
			compatibilityVersion = "Xcode 3.2";
			developmentRegion = English;
			hasScannedForEncodings = 0;
			knownRegions = (
				en,
			);
			mainGroup = 5F5E0E3B1C27582000900483;
			productRefGroup = 5F5E0E451C27582000900483 /* Products */;
			projectDirPath = "";
			projectRoot = "";
			targets = (
				5F5E0E431C27582000900483 /* coursera_algorithm_week3 */,
				5F5E0E511C27597B00900483 /* test_project */,
			);
		};
/* End PBXProject section */

/* Begin PBXSourcesBuildPhase section */
		5F5E0E401C27582000900483 /* Sources */ = {
			isa = PBXSourcesBuildPhase;
			buildActionMask = 2147483647;
			files = (
				5F5E0E481C27582000900483 /* main.cpp in Sources */,
				5FBD9ACF1C277D7A001ACDB4 /* karger_min_cut.cpp in Sources */,
			);
			runOnlyForDeploymentPostprocessing = 0;
		};
		5F5E0E4E1C27597B00900483 /* Sources */ = {
			isa = PBXSourcesBuildPhase;
			buildActionMask = 2147483647;
			files = (
				5F5E0E551C27597B00900483 /* main.cpp in Sources */,
			);
			runOnlyForDeploymentPostprocessing = 0;
		};
/* End PBXSourcesBuildPhase section */

/* Begin XCBuildConfiguration section */
		5F5E0E491C27582000900483 /* Debug */ = {
			isa = XCBuildConfiguration;
			buildSettings = {
				ALWAYS_SEARCH_USER_PATHS = NO;
				CLANG_CXX_LANGUAGE_STANDARD = "gnu++0x";
				CLANG_CXX_LIBRARY = "libc++";
				CLANG_ENABLE_MODULES = YES;
				CLANG_ENABLE_OBJC_ARC = YES;
				CLANG_WARN_BOOL_CONVERSION = YES;
				CLANG_WARN_CONSTANT_CONVERSION = YES;
				CLANG_WARN_DIRECT_OBJC_ISA_USAGE = YES_ERROR;
				CLANG_WARN_EMPTY_BODY = YES;
				CLANG_WARN_ENUM_CONVERSION = YES;
				CLANG_WARN_INT_CONVERSION = YES;
				CLANG_WARN_OBJC_ROOT_CLASS = YES_ERROR;
				CLANG_WARN_UNREACHABLE_CODE = YES;
				CLANG_WARN__DUPLICATE_METHOD_MATCH = YES;
				CODE_SIGN_IDENTITY = "-";
				COPY_PHASE_STRIP = NO;
				DEBUG_INFORMATION_FORMAT = dwarf;
				ENABLE_STRICT_OBJC_MSGSEND = YES;
				ENABLE_TESTABILITY = YES;
				GCC_C_LANGUAGE_STANDARD = gnu99;
				GCC_DYNAMIC_NO_PIC = NO;
				GCC_NO_COMMON_BLOCKS = YES;
				GCC_OPTIMIZATION_LEVEL = 0;
				GCC_PREPROCESSOR_DEFINITIONS = (
					"DEBUG=1",
					"$(inherited)",
				);
				GCC_WARN_64_TO_32_BIT_CONVERSION = YES;
				GCC_WARN_ABOUT_RETURN_TYPE = YES_ERROR;
				GCC_WARN_UNDECLARED_SELECTOR = YES;
				GCC_WARN_UNINITIALIZED_AUTOS = YES_AGGRESSIVE;
				GCC_WARN_UNUSED_FUNCTION = YES;
				GCC_WARN_UNUSED_VARIABLE = YES;
				MACOSX_DEPLOYMENT_TARGET = 10.11;
				MTL_ENABLE_DEBUG_INFO = YES;
				ONLY_ACTIVE_ARCH = YES;
				SDKROOT = macosx;
			};
			name = Debug;
		};
		5F5E0E4A1C27582000900483 /* Release */ = {
			isa = XCBuildConfiguration;
			buildSettings = {
				ALWAYS_SEARCH_USER_PATHS = NO;
				CLANG_CXX_LANGUAGE_STANDARD = "gnu++0x";
				CLANG_CXX_LIBRARY = "libc++";
				CLANG_ENABLE_MODULES = YES;
				CLANG_ENABLE_OBJC_ARC = YES;
				CLANG_WARN_BOOL_CONVERSION = YES;
				CLANG_WARN_CONSTANT_CONVERSION = YES;
				CLANG_WARN_DIRECT_OBJC_ISA_USAGE = YES_ERROR;
				CLANG_WARN_EMPTY_BODY = YES;
				CLANG_WARN_ENUM_CONVERSION = YES;
				CLANG_WARN_INT_CONVERSION = YES;
				CLANG_WARN_OBJC_ROOT_CLASS = YES_ERROR;
				CLANG_WARN_UNREACHABLE_CODE = YES;
				CLANG_WARN__DUPLICATE_METHOD_MATCH = YES;
				CODE_SIGN_IDENTITY = "-";
				COPY_PHASE_STRIP = NO;
				DEBUG_INFORMATION_FORMAT = "dwarf-with-dsym";
				ENABLE_NS_ASSERTIONS = NO;
				ENABLE_STRICT_OBJC_MSGSEND = YES;
				GCC_C_LANGUAGE_STANDARD = gnu99;
				GCC_NO_COMMON_BLOCKS = YES;
				GCC_WARN_64_TO_32_BIT_CONVERSION = YES;
				GCC_WARN_ABOUT_RETURN_TYPE = YES_ERROR;
				GCC_WARN_UNDECLARED_SELECTOR = YES;
				GCC_WARN_UNINITIALIZED_AUTOS = YES_AGGRESSIVE;
				GCC_WARN_UNUSED_FUNCTION = YES;
				GCC_WARN_UNUSED_VARIABLE = YES;
				MACOSX_DEPLOYMENT_TARGET = 10.11;
				MTL_ENABLE_DEBUG_INFO = NO;
				SDKROOT = macosx;
			};
			name = Release;
		};
		5F5E0E4C1C27582000900483 /* Debug */ = {
			isa = XCBuildConfiguration;
			buildSettings = {
				PRODUCT_NAME = "$(TARGET_NAME)";
			};
			name = Debug;
		};
		5F5E0E4D1C27582000900483 /* Release */ = {
			isa = XCBuildConfiguration;
			buildSettings = {
				PRODUCT_NAME = "$(TARGET_NAME)";
			};
			name = Release;
		};
		5F5E0E571C27597B00900483 /* Debug */ = {
			isa = XCBuildConfiguration;
			buildSettings = {
				PRODUCT_NAME = "$(TARGET_NAME)";
			};
			name = Debug;
		};
		5F5E0E581C27597B00900483 /* Release */ = {
			isa = XCBuildConfiguration;
			buildSettings = {
				PRODUCT_NAME = "$(TARGET_NAME)";
			};
			name = Release;
		};
/* End XCBuildConfiguration section */

/* Begin XCConfigurationList section */
		5F5E0E3F1C27582000900483 /* Build configuration list for PBXProject "coursera_algorithm_week3" */ = {
			isa = XCConfigurationList;
			buildConfigurations = (
				5F5E0E491C27582000900483 /* Debug */,
				5F5E0E4A1C27582000900483 /* Release */,
			);
			defaultConfigurationIsVisible = 0;
			defaultConfigurationName = Release;
		};
		5F5E0E4B1C27582000900483 /* Build configuration list for PBXNativeTarget "coursera_algorithm_week3" */ = {
			isa = XCConfigurationList;
			buildConfigurations = (
				5F5E0E4C1C27582000900483 /* Debug */,
				5F5E0E4D1C27582000900483 /* Release */,
			);
			defaultConfigurationIsVisible = 0;
			defaultConfigurationName = Release;
		};
		5F5E0E561C27597B00900483 /* Build configuration list for PBXNativeTarget "test_project" */ = {
			isa = XCConfigurationList;
			buildConfigurations = (
				5F5E0E571C27597B00900483 /* Debug */,
				5F5E0E581C27597B00900483 /* Release */,
			);
			defaultConfigurationIsVisible = 0;
			defaultConfigurationName = Release;
		};
/* End XCConfigurationList section */
	};
	rootObject = 5F5E0E3C1C27582000900483 /* Project object */;
}
